// !$*UTF8*$!
{
	archiveVersion = 1;
	classes = {
	};
	objectVersion = 50;
	objects = {

/* Begin PBXBuildFile section */
		CC6596CD20F5A52100A8D991 /* AppDelegate.m in Sources */ = {isa = PBXBuildFile; fileRef = CC6596CC20F5A52100A8D991 /* AppDelegate.m */; };
		CC6596D020F5A52100A8D991 /* ViewController.m in Sources */ = {isa = PBXBuildFile; fileRef = CC6596CF20F5A52100A8D991 /* ViewController.m */; };
		CC6596D320F5A52100A8D991 /* Main.storyboard in Resources */ = {isa = PBXBuildFile; fileRef = CC6596D120F5A52100A8D991 /* Main.storyboard */; };
		CC6596D520F5A52300A8D991 /* Assets.xcassets in Resources */ = {isa = PBXBuildFile; fileRef = CC6596D420F5A52300A8D991 /* Assets.xcassets */; };
		CC6596D820F5A52300A8D991 /* LaunchScreen.storyboard in Resources */ = {isa = PBXBuildFile; fileRef = CC6596D620F5A52300A8D991 /* LaunchScreen.storyboard */; };
		CC6596DB20F5A52300A8D991 /* main.m in Sources */ = {isa = PBXBuildFile; fileRef = CC6596DA20F5A52300A8D991 /* main.m */; };
		CC6596E420F5A59400A8D991 /* GoodLuckMan.m in Sources */ = {isa = PBXBuildFile; fileRef = CC6596E320F5A59400A8D991 /* GoodLuckMan.m */; };
/* End PBXBuildFile section */

/* Begin PBXFileReference section */
		CC6596C820F5A52100A8D991 /* PrivatePodsRepo.app */ = {isa = PBXFileReference; explicitFileType = wrapper.application; includeInIndex = 0; path = PrivatePodsRepo.app; sourceTree = BUILT_PRODUCTS_DIR; };
		CC6596CB20F5A52100A8D991 /* AppDelegate.h */ = {isa = PBXFileReference; lastKnownFileType = sourcecode.c.h; path = AppDelegate.h; sourceTree = "<group>"; };
		CC6596CC20F5A52100A8D991 /* AppDelegate.m */ = {isa = PBXFileReference; lastKnownFileType = sourcecode.c.objc; path = AppDelegate.m; sourceTree = "<group>"; };
		CC6596CE20F5A52100A8D991 /* ViewController.h */ = {isa = PBXFileReference; lastKnownFileType = sourcecode.c.h; path = ViewController.h; sourceTree = "<group>"; };
		CC6596CF20F5A52100A8D991 /* ViewController.m */ = {isa = PBXFileReference; lastKnownFileType = sourcecode.c.objc; path = ViewController.m; sourceTree = "<group>"; };
		CC6596D220F5A52100A8D991 /* Base */ = {isa = PBXFileReference; lastKnownFileType = file.storyboard; name = Base; path = Base.lproj/Main.storyboard; sourceTree = "<group>"; };
		CC6596D420F5A52300A8D991 /* Assets.xcassets */ = {isa = PBXFileReference; lastKnownFileType = folder.assetcatalog; path = Assets.xcassets; sourceTree = "<group>"; };
		CC6596D720F5A52300A8D991 /* Base */ = {isa = PBXFileReference; lastKnownFileType = file.storyboard; name = Base; path = Base.lproj/LaunchScreen.storyboard; sourceTree = "<group>"; };
		CC6596D920F5A52300A8D991 /* Info.plist */ = {isa = PBXFileReference; lastKnownFileType = text.plist.xml; path = Info.plist; sourceTree = "<group>"; };
		CC6596DA20F5A52300A8D991 /* main.m */ = {isa = PBXFileReference; lastKnownFileType = sourcecode.c.objc; path = main.m; sourceTree = "<group>"; };
		CC6596E220F5A59400A8D991 /* GoodLuckMan.h */ = {isa = PBXFileReference; lastKnownFileType = sourcecode.c.h; path = GoodLuckMan.h; sourceTree = "<group>"; };
		CC6596E320F5A59400A8D991 /* GoodLuckMan.m */ = {isa = PBXFileReference; lastKnownFileType = sourcecode.c.objc; path = GoodLuckMan.m; sourceTree = "<group>"; };
/* End PBXFileReference section */

/* Begin PBXFrameworksBuildPhase section */
		CC6596C520F5A52100A8D991 /* Frameworks */ = {
			isa = PBXFrameworksBuildPhase;
			buildActionMask = 2147483647;
			files = (
			);
			runOnlyForDeploymentPostprocessing = 0;
		};
/* End PBXFrameworksBuildPhase section */

/* Begin PBXGroup section */
		CC6596BF20F5A52100A8D991 = {
			isa = PBXGroup;
			children = (
				CC6596CA20F5A52100A8D991 /* PrivatePodsRepo */,
				CC6596C920F5A52100A8D991 /* Products */,
			);
			sourceTree = "<group>";
		};
		CC6596C920F5A52100A8D991 /* Products */ = {
			isa = PBXGroup;
			children = (
				CC6596C820F5A52100A8D991 /* PrivatePodsRepo.app */,
			);
			name = Products;
			sourceTree = "<group>";
		};
		CC6596CA20F5A52100A8D991 /* PrivatePodsRepo */ = {
			isa = PBXGroup;
			children = (
				CC6596E120F5A58400A8D991 /* upload */,
				CC6596CB20F5A52100A8D991 /* AppDelegate.h */,
				CC6596CC20F5A52100A8D991 /* AppDelegate.m */,
				CC6596CE20F5A52100A8D991 /* ViewController.h */,
				CC6596CF20F5A52100A8D991 /* ViewController.m */,
				CC6596D120F5A52100A8D991 /* Main.storyboard */,
				CC6596D420F5A52300A8D991 /* Assets.xcassets */,
				CC6596D620F5A52300A8D991 /* LaunchScreen.storyboard */,
				CC6596D920F5A52300A8D991 /* Info.plist */,
				CC6596DA20F5A52300A8D991 /* main.m */,
			);
			path = PrivatePodsRepo;
			sourceTree = "<group>";
		};
		CC6596E120F5A58400A8D991 /* upload */ = {
			isa = PBXGroup;
			children = (
				CC6596E220F5A59400A8D991 /* GoodLuckMan.h */,
				CC6596E320F5A59400A8D991 /* GoodLuckMan.m */,
			);
			path = upload;
			sourceTree = "<group>";
		};
/* End PBXGroup section */

/* Begin PBXNativeTarget section */
		CC6596C720F5A52100A8D991 /* PrivatePodsRepo */ = {
			isa = PBXNativeTarget;
			buildConfigurationList = CC6596DE20F5A52300A8D991 /* Build configuration list for PBXNativeTarget "PrivatePodsRepo" */;
			buildPhases = (
				CC6596C420F5A52100A8D991 /* Sources */,
				CC6596C520F5A52100A8D991 /* Frameworks */,
				CC6596C620F5A52100A8D991 /* Resources */,
			);
			buildRules = (
			);
			dependencies = (
			);
			name = PrivatePodsRepo;
			productName = PrivatePodsRepo;
			productReference = CC6596C820F5A52100A8D991 /* PrivatePodsRepo.app */;
			productType = "com.apple.product-type.application";
		};
/* End PBXNativeTarget section */

/* Begin PBXProject section */
		CC6596C020F5A52100A8D991 /* Project object */ = {
			isa = PBXProject;
			attributes = {
				LastUpgradeCheck = 0940;
				ORGANIZATIONNAME = WorkSpace_Sun;
				TargetAttributes = {
					CC6596C720F5A52100A8D991 = {
						CreatedOnToolsVersion = 9.4.1;
					};
				};
			};
			buildConfigurationList = CC6596C320F5A52100A8D991 /* Build configuration list for PBXProject "PrivatePodsRepo" */;
			compatibilityVersion = "Xcode 9.3";
			developmentRegion = en;
			hasScannedForEncodings = 0;
			knownRegions = (
				en,
				Base,
			);
			mainGroup = CC6596BF20F5A52100A8D991;
			productRefGroup = CC6596C920F5A52100A8D991 /* Products */;
			projectDirPath = "";
			projectRoot = "";
			targets = (
				CC6596C720F5A52100A8D991 /* PrivatePodsRepo */,
			);
		};
/* End PBXProject section */

/* Begin PBXResourcesBuildPhase section */
		CC6596C620F5A52100A8D991 /* Resources */ = {
			isa = PBXResourcesBuildPhase;
			buildActionMask = 2147483647;
			files = (
				CC6596D820F5A52300A8D991 /* LaunchScreen.storyboard in Resources */,
				CC6596D520F5A52300A8D991 /* Assets.xcassets in Resources */,
				CC6596D320F5A52100A8D991 /* Main.storyboard in Resources */,
			);
			runOnlyForDeploymentPostprocessing = 0;
		};
/* End PBXResourcesBuildPhase section */

/* Begin PBXSourcesBuildPhase section */
		CC6596C420F5A52100A8D991 /* Sources */ = {
			isa = PBXSourcesBuildPhase;
			buildActionMask = 2147483647;
			files = (
				CC6596E420F5A59400A8D991 /* GoodLuckMan.m in Sources */,
				CC6596D020F5A52100A8D991 /* ViewController.m in Sources */,
				CC6596DB20F5A52300A8D991 /* main.m in Sources */,
				CC6596CD20F5A52100A8D991 /* AppDelegate.m in Sources */,
			);
			runOnlyForDeploymentPostprocessing = 0;
		};
/* End PBXSourcesBuildPhase section */

/* Begin PBXVariantGroup section */
		CC6596D120F5A52100A8D991 /* Main.storyboard */ = {
			isa = PBXVariantGroup;
			children = (
				CC6596D220F5A52100A8D991 /* Base */,
			);
			name = Main.storyboard;
			sourceTree = "<group>";
		};
		CC6596D620F5A52300A8D991 /* LaunchScreen.storyboard */ = {
			isa = PBXVariantGroup;
			children = (
				CC6596D720F5A52300A8D991 /* Base */,
			);
			name = LaunchScreen.storyboard;
			sourceTree = "<group>";
		};
/* End PBXVariantGroup section */

/* Begin XCBuildConfiguration section */
		CC6596DC20F5A52300A8D991 /* Debug */ = {
			isa = XCBuildConfiguration;
			buildSettings = {
				ALWAYS_SEARCH_USER_PATHS = NO;
				CLANG_ANALYZER_NONNULL = YES;
				CLANG_ANALYZER_NUMBER_OBJECT_CONVERSION = YES_AGGRESSIVE;
				CLANG_CXX_LANGUAGE_STANDARD = "gnu++14";
				CLANG_CXX_LIBRARY = "libc++";
				CLANG_ENABLE_MODULES = YES;
				CLANG_ENABLE_OBJC_ARC = YES;
				CLANG_ENABLE_OBJC_WEAK = YES;
				CLANG_WARN_BLOCK_CAPTURE_AUTORELEASING = YES;
				CLANG_WARN_BOOL_CONVERSION = YES;
				CLANG_WARN_COMMA = YES;
				CLANG_WARN_CONSTANT_CONVERSION = YES;
				CLANG_WARN_DEPRECATED_OBJC_IMPLEMENTATIONS = YES;
				CLANG_WARN_DIRECT_OBJC_ISA_USAGE = YES_ERROR;
				CLANG_WARN_DOCUMENTATION_COMMENTS = YES;
				CLANG_WARN_EMPTY_BODY = YES;
				CLANG_WARN_ENUM_CONVERSION = YES;
				CLANG_WARN_INFINITE_RECURSION = YES;
				CLANG_WARN_INT_CONVERSION = YES;
				CLANG_WARN_NON_LITERAL_NULL_CONVERSION = YES;
				CLANG_WARN_OBJC_IMPLICIT_RETAIN_SELF = YES;
				CLANG_WARN_OBJC_LITERAL_CONVERSION = YES;
				CLANG_WARN_OBJC_ROOT_CLASS = YES_ERROR;
				CLANG_WARN_RANGE_LOOP_ANALYSIS = YES;
				CLANG_WARN_STRICT_PROTOTYPES = YES;
				CLANG_WARN_SUSPICIOUS_MOVE = YES;
				CLANG_WARN_UNGUARDED_AVAILABILITY = YES_AGGRESSIVE;
				CLANG_WARN_UNREACHABLE_CODE = YES;
				CLANG_WARN__DUPLICATE_METHOD_MATCH = YES;
				CODE_SIGN_IDENTITY = "iPhone Developer";
				COPY_PHASE_STRIP = NO;
				DEBUG_INFORMATION_FORMAT = dwarf;
				ENABLE_STRICT_OBJC_MSGSEND = YES;
				ENABLE_TESTABILITY = YES;
				GCC_C_LANGUAGE_STANDARD = gnu11;
				GCC_DYNAMIC_NO_PIC = NO;
				GCC_NO_COMMON_BLOCKS = YES;
				GCC_OPTIMIZATION_LEVEL = 0;
				GCC_PREPROCESSOR_DEFINITIONS = (
					"DEBUG=1",
					"$(inherited)",
				);
				GCC_WARN_64_TO_32_BIT_CONVERSION = YES;
				GCC_WARN_ABOUT_RETURN_TYPE = YES_ERROR;
				GCC_WARN_UNDECLARED_SELECTOR = YES;
				GCC_WARN_UNINITIALIZED_AUTOS = YES_AGGRESSIVE;
				GCC_WARN_UNUSED_FUNCTION = YES;
				GCC_WARN_UNUSED_VARIABLE = YES;
				IPHONEOS_DEPLOYMENT_TARGET = 11.4;
				MTL_ENABLE_DEBUG_INFO = YES;
				ONLY_ACTIVE_ARCH = YES;
				SDKROOT = iphoneos;
			};
			name = Debug;
		};
		CC6596DD20F5A52300A8D991 /* Release */ = {
			isa = XCBuildConfiguration;
			buildSettings = {
				ALWAYS_SEARCH_USER_PATHS = NO;
				CLANG_ANALYZER_NONNULL = YES;
				CLANG_ANALYZER_NUMBER_OBJECT_CONVERSION = YES_AGGRESSIVE;
				CLANG_CXX_LANGUAGE_STANDARD = "gnu++14";
				CLANG_CXX_LIBRARY = "libc++";
				CLANG_ENABLE_MODULES = YES;
				CLANG_ENABLE_OBJC_ARC = YES;
				CLANG_ENABLE_OBJC_WEAK = YES;
				CLANG_WARN_BLOCK_CAPTURE_AUTORELEASING = YES;
				CLANG_WARN_BOOL_CONVERSION = YES;
				CLANG_WARN_COMMA = YES;
				CLANG_WARN_CONSTANT_CONVERSION = YES;
				CLANG_WARN_DEPRECATED_OBJC_IMPLEMENTATIONS = YES;
				CLANG_WARN_DIRECT_OBJC_ISA_USAGE = YES_ERROR;
				CLANG_WARN_DOCUMENTATION_COMMENTS = YES;
				CLANG_WARN_EMPTY_BODY = YES;
				CLANG_WARN_ENUM_CONVERSION = YES;
				CLANG_WARN_INFINITE_RECURSION = YES;
				CLANG_WARN_INT_CONVERSION = YES;
				CLANG_WARN_NON_LITERAL_NULL_CONVERSION = YES;
				CLANG_WARN_OBJC_IMPLICIT_RETAIN_SELF = YES;
				CLANG_WARN_OBJC_LITERAL_CONVERSION = YES;
				CLANG_WARN_OBJC_ROOT_CLASS = YES_ERROR;
				CLANG_WARN_RANGE_LOOP_ANALYSIS = YES;
				CLANG_WARN_STRICT_PROTOTYPES = YES;
				CLANG_WARN_SUSPICIOUS_MOVE = YES;
				CLANG_WARN_UNGUARDED_AVAILABILITY = YES_AGGRESSIVE;
				CLANG_WARN_UNREACHABLE_CODE = YES;
				CLANG_WARN__DUPLICATE_METHOD_MATCH = YES;
				CODE_SIGN_IDENTITY = "iPhone Developer";
				COPY_PHASE_STRIP = NO;
				DEBUG_INFORMATION_FORMAT = "dwarf-with-dsym";
				ENABLE_NS_ASSERTIONS = NO;
				ENABLE_STRICT_OBJC_MSGSEND = YES;
				GCC_C_LANGUAGE_STANDARD = gnu11;
				GCC_NO_COMMON_BLOCKS = YES;
				GCC_WARN_64_TO_32_BIT_CONVERSION = YES;
				GCC_WARN_ABOUT_RETURN_TYPE = YES_ERROR;
				GCC_WARN_UNDECLARED_SELECTOR = YES;
				GCC_WARN_UNINITIALIZED_AUTOS = YES_AGGRESSIVE;
				GCC_WARN_UNUSED_FUNCTION = YES;
				GCC_WARN_UNUSED_VARIABLE = YES;
				IPHONEOS_DEPLOYMENT_TARGET = 11.4;
				MTL_ENABLE_DEBUG_INFO = NO;
				SDKROOT = iphoneos;
				VALIDATE_PRODUCT = YES;
			};
			name = Release;
		};
		CC6596DF20F5A52300A8D991 /* Debug */ = {
			isa = XCBuildConfiguration;
			buildSettings = {
				ASSETCATALOG_COMPILER_APPICON_NAME = AppIcon;
				CODE_SIGN_STYLE = Automatic;
				DEVELOPMENT_TEAM = GDFHW66V92;
				INFOPLIST_FILE = PrivatePodsRepo/Info.plist;
				LD_RUNPATH_SEARCH_PATHS = (
					"$(inherited)",
					"@executable_path/Frameworks",
				);
				PRODUCT_BUNDLE_IDENTIFIER = Sun.PrivatePodsRepo;
				PRODUCT_NAME = "$(TARGET_NAME)";
				TARGETED_DEVICE_FAMILY = "1,2";
			};
			name = Debug;
		};
		CC6596E020F5A52300A8D991 /* Release */ = {
			isa = XCBuildConfiguration;
			buildSettings = {
				ASSETCATALOG_COMPILER_APPICON_NAME = AppIcon;
				CODE_SIGN_STYLE = Automatic;
				DEVELOPMENT_TEAM = GDFHW66V92;
				INFOPLIST_FILE = PrivatePodsRepo/Info.plist;
				LD_RUNPATH_SEARCH_PATHS = (
					"$(inherited)",
					"@executable_path/Frameworks",
				);
				PRODUCT_BUNDLE_IDENTIFIER = Sun.PrivatePodsRepo;
				PRODUCT_NAME = "$(TARGET_NAME)";
				TARGETED_DEVICE_FAMILY = "1,2";
			};
			name = Release;
		};
/* End XCBuildConfiguration section */

/* Begin XCConfigurationList section */
		CC6596C320F5A52100A8D991 /* Build configuration list for PBXProject "PrivatePodsRepo" */ = {
			isa = XCConfigurationList;
			buildConfigurations = (
				CC6596DC20F5A52300A8D991 /* Debug */,
				CC6596DD20F5A52300A8D991 /* Release */,
			);
			defaultConfigurationIsVisible = 0;
			defaultConfigurationName = Release;
		};
		CC6596DE20F5A52300A8D991 /* Build configuration list for PBXNativeTarget "PrivatePodsRepo" */ = {
			isa = XCConfigurationList;
			buildConfigurations = (
				CC6596DF20F5A52300A8D991 /* Debug */,
				CC6596E020F5A52300A8D991 /* Release */,
			);
			defaultConfigurationIsVisible = 0;
			defaultConfigurationName = Release;
		};
/* End XCConfigurationList section */
	};
	rootObject = CC6596C020F5A52100A8D991 /* Project object */;
}
